// !$*UTF8*$!
{
	archiveVersion = 1;
	classes = {
	};
	objectVersion = 55;
	objects = {

/* Begin PBXBuildFile section */
		7B1BB9EE2859EBD900CC3F67 /* GitProjectApp.swift in Sources */ = {isa = PBXBuildFile; fileRef = 7B1BB9ED2859EBD900CC3F67 /* GitProjectApp.swift */; };
		7B1BB9F02859EBD900CC3F67 /* ContentView.swift in Sources */ = {isa = PBXBuildFile; fileRef = 7B1BB9EF2859EBD900CC3F67 /* ContentView.swift */; };
		7B1BB9F22859EBDA00CC3F67 /* Assets.xcassets in Resources */ = {isa = PBXBuildFile; fileRef = 7B1BB9F12859EBDA00CC3F67 /* Assets.xcassets */; };
		7B1BB9F52859EBDA00CC3F67 /* Preview Assets.xcassets in Resources */ = {isa = PBXBuildFile; fileRef = 7B1BB9F42859EBDA00CC3F67 /* Preview Assets.xcassets */; };
		7B1BB9FF2859EBDA00CC3F67 /* GitProjectTests.swift in Sources */ = {isa = PBXBuildFile; fileRef = 7B1BB9FE2859EBDA00CC3F67 /* GitProjectTests.swift */; };
		7B1BBA092859EBDA00CC3F67 /* GitProjectUITests.swift in Sources */ = {isa = PBXBuildFile; fileRef = 7B1BBA082859EBDA00CC3F67 /* GitProjectUITests.swift */; };
		7B1BBA0B2859EBDA00CC3F67 /* GitProjectUITestsLaunchTests.swift in Sources */ = {isa = PBXBuildFile; fileRef = 7B1BBA0A2859EBDA00CC3F67 /* GitProjectUITestsLaunchTests.swift */; };
/* End PBXBuildFile section */

/* Begin PBXContainerItemProxy section */
		7B1BB9FB2859EBDA00CC3F67 /* PBXContainerItemProxy */ = {
			isa = PBXContainerItemProxy;
			containerPortal = 7B1BB9E22859EBD900CC3F67 /* Project object */;
			proxyType = 1;
			remoteGlobalIDString = 7B1BB9E92859EBD900CC3F67;
			remoteInfo = GitProject;
		};
		7B1BBA052859EBDA00CC3F67 /* PBXContainerItemProxy */ = {
			isa = PBXContainerItemProxy;
			containerPortal = 7B1BB9E22859EBD900CC3F67 /* Project object */;
			proxyType = 1;
			remoteGlobalIDString = 7B1BB9E92859EBD900CC3F67;
			remoteInfo = GitProject;
		};
/* End PBXContainerItemProxy section */

/* Begin PBXFileReference section */
		7B1BB9EA2859EBD900CC3F67 /* GitProject.app */ = {isa = PBXFileReference; explicitFileType = wrapper.application; includeInIndex = 0; path = GitProject.app; sourceTree = BUILT_PRODUCTS_DIR; };
		7B1BB9ED2859EBD900CC3F67 /* GitProjectApp.swift */ = {isa = PBXFileReference; lastKnownFileType = sourcecode.swift; path = GitProjectApp.swift; sourceTree = "<group>"; };
		7B1BB9EF2859EBD900CC3F67 /* ContentView.swift */ = {isa = PBXFileReference; lastKnownFileType = sourcecode.swift; path = ContentView.swift; sourceTree = "<group>"; };
		7B1BB9F12859EBDA00CC3F67 /* Assets.xcassets */ = {isa = PBXFileReference; lastKnownFileType = folder.assetcatalog; path = Assets.xcassets; sourceTree = "<group>"; };
		7B1BB9F42859EBDA00CC3F67 /* Preview Assets.xcassets */ = {isa = PBXFileReference; lastKnownFileType = folder.assetcatalog; path = "Preview Assets.xcassets"; sourceTree = "<group>"; };
		7B1BB9FA2859EBDA00CC3F67 /* GitProjectTests.xctest */ = {isa = PBXFileReference; explicitFileType = wrapper.cfbundle; includeInIndex = 0; path = GitProjectTests.xctest; sourceTree = BUILT_PRODUCTS_DIR; };
		7B1BB9FE2859EBDA00CC3F67 /* GitProjectTests.swift */ = {isa = PBXFileReference; lastKnownFileType = sourcecode.swift; path = GitProjectTests.swift; sourceTree = "<group>"; };
		7B1BBA042859EBDA00CC3F67 /* GitProjectUITests.xctest */ = {isa = PBXFileReference; explicitFileType = wrapper.cfbundle; includeInIndex = 0; path = GitProjectUITests.xctest; sourceTree = BUILT_PRODUCTS_DIR; };
		7B1BBA082859EBDA00CC3F67 /* GitProjectUITests.swift */ = {isa = PBXFileReference; lastKnownFileType = sourcecode.swift; path = GitProjectUITests.swift; sourceTree = "<group>"; };
		7B1BBA0A2859EBDA00CC3F67 /* GitProjectUITestsLaunchTests.swift */ = {isa = PBXFileReference; lastKnownFileType = sourcecode.swift; path = GitProjectUITestsLaunchTests.swift; sourceTree = "<group>"; };
/* End PBXFileReference section */

/* Begin PBXFrameworksBuildPhase section */
		7B1BB9E72859EBD900CC3F67 /* Frameworks */ = {
			isa = PBXFrameworksBuildPhase;
			buildActionMask = 2147483647;
			files = (
			);
			runOnlyForDeploymentPostprocessing = 0;
		};
		7B1BB9F72859EBDA00CC3F67 /* Frameworks */ = {
			isa = PBXFrameworksBuildPhase;
			buildActionMask = 2147483647;
			files = (
			);
			runOnlyForDeploymentPostprocessing = 0;
		};
		7B1BBA012859EBDA00CC3F67 /* Frameworks */ = {
			isa = PBXFrameworksBuildPhase;
			buildActionMask = 2147483647;
			files = (
			);
			runOnlyForDeploymentPostprocessing = 0;
		};
/* End PBXFrameworksBuildPhase section */

/* Begin PBXGroup section */
		7B1BB9E12859EBD900CC3F67 = {
			isa = PBXGroup;
			children = (
				7B1BB9EC2859EBD900CC3F67 /* GitProject */,
				7B1BB9FD2859EBDA00CC3F67 /* GitProjectTests */,
				7B1BBA072859EBDA00CC3F67 /* GitProjectUITests */,
				7B1BB9EB2859EBD900CC3F67 /* Products */,
			);
			sourceTree = "<group>";
		};
		7B1BB9EB2859EBD900CC3F67 /* Products */ = {
			isa = PBXGroup;
			children = (
				7B1BB9EA2859EBD900CC3F67 /* GitProject.app */,
				7B1BB9FA2859EBDA00CC3F67 /* GitProjectTests.xctest */,
				7B1BBA042859EBDA00CC3F67 /* GitProjectUITests.xctest */,
			);
			name = Products;
			sourceTree = "<group>";
		};
		7B1BB9EC2859EBD900CC3F67 /* GitProject */ = {
			isa = PBXGroup;
			children = (
				7B1BB9ED2859EBD900CC3F67 /* GitProjectApp.swift */,
				7B1BB9EF2859EBD900CC3F67 /* ContentView.swift */,
				7B1BB9F12859EBDA00CC3F67 /* Assets.xcassets */,
				7B1BB9F32859EBDA00CC3F67 /* Preview Content */,
			);
			path = GitProject;
			sourceTree = "<group>";
		};
		7B1BB9F32859EBDA00CC3F67 /* Preview Content */ = {
			isa = PBXGroup;
			children = (
				7B1BB9F42859EBDA00CC3F67 /* Preview Assets.xcassets */,
			);
			path = "Preview Content";
			sourceTree = "<group>";
		};
		7B1BB9FD2859EBDA00CC3F67 /* GitProjectTests */ = {
			isa = PBXGroup;
			children = (
				7B1BB9FE2859EBDA00CC3F67 /* GitProjectTests.swift */,
			);
			path = GitProjectTests;
			sourceTree = "<group>";
		};
		7B1BBA072859EBDA00CC3F67 /* GitProjectUITests */ = {
			isa = PBXGroup;
			children = (
				7B1BBA082859EBDA00CC3F67 /* GitProjectUITests.swift */,
				7B1BBA0A2859EBDA00CC3F67 /* GitProjectUITestsLaunchTests.swift */,
			);
			path = GitProjectUITests;
			sourceTree = "<group>";
		};
/* End PBXGroup section */

/* Begin PBXNativeTarget section */
		7B1BB9E92859EBD900CC3F67 /* GitProject */ = {
			isa = PBXNativeTarget;
			buildConfigurationList = 7B1BBA0E2859EBDA00CC3F67 /* Build configuration list for PBXNativeTarget "GitProject" */;
			buildPhases = (
				7B1BB9E62859EBD900CC3F67 /* Sources */,
				7B1BB9E72859EBD900CC3F67 /* Frameworks */,
				7B1BB9E82859EBD900CC3F67 /* Resources */,
			);
			buildRules = (
			);
			dependencies = (
			);
			name = GitProject;
			productName = GitProject;
			productReference = 7B1BB9EA2859EBD900CC3F67 /* GitProject.app */;
			productType = "com.apple.product-type.application";
		};
		7B1BB9F92859EBDA00CC3F67 /* GitProjectTests */ = {
			isa = PBXNativeTarget;
			buildConfigurationList = 7B1BBA112859EBDA00CC3F67 /* Build configuration list for PBXNativeTarget "GitProjectTests" */;
			buildPhases = (
				7B1BB9F62859EBDA00CC3F67 /* Sources */,
				7B1BB9F72859EBDA00CC3F67 /* Frameworks */,
				7B1BB9F82859EBDA00CC3F67 /* Resources */,
			);
			buildRules = (
			);
			dependencies = (
				7B1BB9FC2859EBDA00CC3F67 /* PBXTargetDependency */,
			);
			name = GitProjectTests;
			productName = GitProjectTests;
			productReference = 7B1BB9FA2859EBDA00CC3F67 /* GitProjectTests.xctest */;
			productType = "com.apple.product-type.bundle.unit-test";
		};
		7B1BBA032859EBDA00CC3F67 /* GitProjectUITests */ = {
			isa = PBXNativeTarget;
			buildConfigurationList = 7B1BBA142859EBDA00CC3F67 /* Build configuration list for PBXNativeTarget "GitProjectUITests" */;
			buildPhases = (
				7B1BBA002859EBDA00CC3F67 /* Sources */,
				7B1BBA012859EBDA00CC3F67 /* Frameworks */,
				7B1BBA022859EBDA00CC3F67 /* Resources */,
			);
			buildRules = (
			);
			dependencies = (
				7B1BBA062859EBDA00CC3F67 /* PBXTargetDependency */,
			);
			name = GitProjectUITests;
			productName = GitProjectUITests;
			productReference = 7B1BBA042859EBDA00CC3F67 /* GitProjectUITests.xctest */;
			productType = "com.apple.product-type.bundle.ui-testing";
		};
/* End PBXNativeTarget section */

/* Begin PBXProject section */
		7B1BB9E22859EBD900CC3F67 /* Project object */ = {
			isa = PBXProject;
			attributes = {
				BuildIndependentTargetsInParallel = 1;
				LastSwiftUpdateCheck = 1330;
				LastUpgradeCheck = 1330;
				TargetAttributes = {
					7B1BB9E92859EBD900CC3F67 = {
						CreatedOnToolsVersion = 13.3;
					};
					7B1BB9F92859EBDA00CC3F67 = {
						CreatedOnToolsVersion = 13.3;
						TestTargetID = 7B1BB9E92859EBD900CC3F67;
					};
					7B1BBA032859EBDA00CC3F67 = {
						CreatedOnToolsVersion = 13.3;
						TestTargetID = 7B1BB9E92859EBD900CC3F67;
					};
				};
			};
			buildConfigurationList = 7B1BB9E52859EBD900CC3F67 /* Build configuration list for PBXProject "GitProject" */;
			compatibilityVersion = "Xcode 13.0";
			developmentRegion = en;
			hasScannedForEncodings = 0;
			knownRegions = (
				en,
				Base,
			);
			mainGroup = 7B1BB9E12859EBD900CC3F67;
			productRefGroup = 7B1BB9EB2859EBD900CC3F67 /* Products */;
			projectDirPath = "";
			projectRoot = "";
			targets = (
				7B1BB9E92859EBD900CC3F67 /* GitProject */,
				7B1BB9F92859EBDA00CC3F67 /* GitProjectTests */,
				7B1BBA032859EBDA00CC3F67 /* GitProjectUITests */,
			);
		};
/* End PBXProject section */

/* Begin PBXResourcesBuildPhase section */
		7B1BB9E82859EBD900CC3F67 /* Resources */ = {
			isa = PBXResourcesBuildPhase;
			buildActionMask = 2147483647;
			files = (
				7B1BB9F52859EBDA00CC3F67 /* Preview Assets.xcassets in Resources */,
				7B1BB9F22859EBDA00CC3F67 /* Assets.xcassets in Resources */,
			);
			runOnlyForDeploymentPostprocessing = 0;
		};
		7B1BB9F82859EBDA00CC3F67 /* Resources */ = {
			isa = PBXResourcesBuildPhase;
			buildActionMask = 2147483647;
			files = (
			);
			runOnlyForDeploymentPostprocessing = 0;
		};
		7B1BBA022859EBDA00CC3F67 /* Resources */ = {
			isa = PBXResourcesBuildPhase;
			buildActionMask = 2147483647;
			files = (
			);
			runOnlyForDeploymentPostprocessing = 0;
		};
/* End PBXResourcesBuildPhase section */

/* Begin PBXSourcesBuildPhase section */
		7B1BB9E62859EBD900CC3F67 /* Sources */ = {
			isa = PBXSourcesBuildPhase;
			buildActionMask = 2147483647;
			files = (
				7B1BB9F02859EBD900CC3F67 /* ContentView.swift in Sources */,
				7B1BB9EE2859EBD900CC3F67 /* GitProjectApp.swift in Sources */,
			);
			runOnlyForDeploymentPostprocessing = 0;
		};
		7B1BB9F62859EBDA00CC3F67 /* Sources */ = {
			isa = PBXSourcesBuildPhase;
			buildActionMask = 2147483647;
			files = (
				7B1BB9FF2859EBDA00CC3F67 /* GitProjectTests.swift in Sources */,
			);
			runOnlyForDeploymentPostprocessing = 0;
		};
		7B1BBA002859EBDA00CC3F67 /* Sources */ = {
			isa = PBXSourcesBuildPhase;
			buildActionMask = 2147483647;
			files = (
				7B1BBA092859EBDA00CC3F67 /* GitProjectUITests.swift in Sources */,
				7B1BBA0B2859EBDA00CC3F67 /* GitProjectUITestsLaunchTests.swift in Sources */,
			);
			runOnlyForDeploymentPostprocessing = 0;
		};
/* End PBXSourcesBuildPhase section */

/* Begin PBXTargetDependency section */
		7B1BB9FC2859EBDA00CC3F67 /* PBXTargetDependency */ = {
			isa = PBXTargetDependency;
			target = 7B1BB9E92859EBD900CC3F67 /* GitProject */;
			targetProxy = 7B1BB9FB2859EBDA00CC3F67 /* PBXContainerItemProxy */;
		};
		7B1BBA062859EBDA00CC3F67 /* PBXTargetDependency */ = {
			isa = PBXTargetDependency;
			target = 7B1BB9E92859EBD900CC3F67 /* GitProject */;
			targetProxy = 7B1BBA052859EBDA00CC3F67 /* PBXContainerItemProxy */;
		};
/* End PBXTargetDependency section */

/* Begin XCBuildConfiguration section */
		7B1BBA0C2859EBDA00CC3F67 /* Debug */ = {
			isa = XCBuildConfiguration;
			buildSettings = {
				ALWAYS_SEARCH_USER_PATHS = NO;
				CLANG_ANALYZER_NONNULL = YES;
				CLANG_ANALYZER_NUMBER_OBJECT_CONVERSION = YES_AGGRESSIVE;
				CLANG_CXX_LANGUAGE_STANDARD = "gnu++17";
				CLANG_ENABLE_MODULES = YES;
				CLANG_ENABLE_OBJC_ARC = YES;
				CLANG_ENABLE_OBJC_WEAK = YES;
				CLANG_WARN_BLOCK_CAPTURE_AUTORELEASING = YES;
				CLANG_WARN_BOOL_CONVERSION = YES;
				CLANG_WARN_COMMA = YES;
				CLANG_WARN_CONSTANT_CONVERSION = YES;
				CLANG_WARN_DEPRECATED_OBJC_IMPLEMENTATIONS = YES;
				CLANG_WARN_DIRECT_OBJC_ISA_USAGE = YES_ERROR;
				CLANG_WARN_DOCUMENTATION_COMMENTS = YES;
				CLANG_WARN_EMPTY_BODY = YES;
				CLANG_WARN_ENUM_CONVERSION = YES;
				CLANG_WARN_INFINITE_RECURSION = YES;
				CLANG_WARN_INT_CONVERSION = YES;
				CLANG_WARN_NON_LITERAL_NULL_CONVERSION = YES;
				CLANG_WARN_OBJC_IMPLICIT_RETAIN_SELF = YES;
				CLANG_WARN_OBJC_LITERAL_CONVERSION = YES;
				CLANG_WARN_OBJC_ROOT_CLASS = YES_ERROR;
				CLANG_WARN_QUOTED_INCLUDE_IN_FRAMEWORK_HEADER = YES;
				CLANG_WARN_RANGE_LOOP_ANALYSIS = YES;
				CLANG_WARN_STRICT_PROTOTYPES = YES;
				CLANG_WARN_SUSPICIOUS_MOVE = YES;
				CLANG_WARN_UNGUARDED_AVAILABILITY = YES_AGGRESSIVE;
				CLANG_WARN_UNREACHABLE_CODE = YES;
				CLANG_WARN__DUPLICATE_METHOD_MATCH = YES;
				COPY_PHASE_STRIP = NO;
				DEBUG_INFORMATION_FORMAT = dwarf;
				ENABLE_STRICT_OBJC_MSGSEND = YES;
				ENABLE_TESTABILITY = YES;
				GCC_C_LANGUAGE_STANDARD = gnu11;
				GCC_DYNAMIC_NO_PIC = NO;
				GCC_NO_COMMON_BLOCKS = YES;
				GCC_OPTIMIZATION_LEVEL = 0;
				GCC_PREPROCESSOR_DEFINITIONS = (
					"DEBUG=1",
					"$(inherited)",
				);
				GCC_WARN_64_TO_32_BIT_CONVERSION = YES;
				GCC_WARN_ABOUT_RETURN_TYPE = YES_ERROR;
				GCC_WARN_UNDECLARED_SELECTOR = YES;
				GCC_WARN_UNINITIALIZED_AUTOS = YES_AGGRESSIVE;
				GCC_WARN_UNUSED_FUNCTION = YES;
				GCC_WARN_UNUSED_VARIABLE = YES;
				IPHONEOS_DEPLOYMENT_TARGET = 15.4;
				MTL_ENABLE_DEBUG_INFO = INCLUDE_SOURCE;
				MTL_FAST_MATH = YES;
				ONLY_ACTIVE_ARCH = YES;
				SDKROOT = iphoneos;
				SWIFT_ACTIVE_COMPILATION_CONDITIONS = DEBUG;
				SWIFT_OPTIMIZATION_LEVEL = "-Onone";
			};
			name = Debug;
		};
		7B1BBA0D2859EBDA00CC3F67 /* Release */ = {
			isa = XCBuildConfiguration;
			buildSettings = {
				ALWAYS_SEARCH_USER_PATHS = NO;
				CLANG_ANALYZER_NONNULL = YES;
				CLANG_ANALYZER_NUMBER_OBJECT_CONVERSION = YES_AGGRESSIVE;
				CLANG_CXX_LANGUAGE_STANDARD = "gnu++17";
				CLANG_ENABLE_MODULES = YES;
				CLANG_ENABLE_OBJC_ARC = YES;
				CLANG_ENABLE_OBJC_WEAK = YES;
				CLANG_WARN_BLOCK_CAPTURE_AUTORELEASING = YES;
				CLANG_WARN_BOOL_CONVERSION = YES;
				CLANG_WARN_COMMA = YES;
				CLANG_WARN_CONSTANT_CONVERSION = YES;
				CLANG_WARN_DEPRECATED_OBJC_IMPLEMENTATIONS = YES;
				CLANG_WARN_DIRECT_OBJC_ISA_USAGE = YES_ERROR;
				CLANG_WARN_DOCUMENTATION_COMMENTS = YES;
				CLANG_WARN_EMPTY_BODY = YES;
				CLANG_WARN_ENUM_CONVERSION = YES;
				CLANG_WARN_INFINITE_RECURSION = YES;
				CLANG_WARN_INT_CONVERSION = YES;
				CLANG_WARN_NON_LITERAL_NULL_CONVERSION = YES;
				CLANG_WARN_OBJC_IMPLICIT_RETAIN_SELF = YES;
				CLANG_WARN_OBJC_LITERAL_CONVERSION = YES;
				CLANG_WARN_OBJC_ROOT_CLASS = YES_ERROR;
				CLANG_WARN_QUOTED_INCLUDE_IN_FRAMEWORK_HEADER = YES;
				CLANG_WARN_RANGE_LOOP_ANALYSIS = YES;
				CLANG_WARN_STRICT_PROTOTYPES = YES;
				CLANG_WARN_SUSPICIOUS_MOVE = YES;
				CLANG_WARN_UNGUARDED_AVAILABILITY = YES_AGGRESSIVE;
				CLANG_WARN_UNREACHABLE_CODE = YES;
				CLANG_WARN__DUPLICATE_METHOD_MATCH = YES;
				COPY_PHASE_STRIP = NO;
				DEBUG_INFORMATION_FORMAT = "dwarf-with-dsym";
				ENABLE_NS_ASSERTIONS = NO;
				ENABLE_STRICT_OBJC_MSGSEND = YES;
				GCC_C_LANGUAGE_STANDARD = gnu11;
				GCC_NO_COMMON_BLOCKS = YES;
				GCC_WARN_64_TO_32_BIT_CONVERSION = YES;
				GCC_WARN_ABOUT_RETURN_TYPE = YES_ERROR;
				GCC_WARN_UNDECLARED_SELECTOR = YES;
				GCC_WARN_UNINITIALIZED_AUTOS = YES_AGGRESSIVE;
				GCC_WARN_UNUSED_FUNCTION = YES;
				GCC_WARN_UNUSED_VARIABLE = YES;
				IPHONEOS_DEPLOYMENT_TARGET = 15.4;
				MTL_ENABLE_DEBUG_INFO = NO;
				MTL_FAST_MATH = YES;
				SDKROOT = iphoneos;
				SWIFT_COMPILATION_MODE = wholemodule;
				SWIFT_OPTIMIZATION_LEVEL = "-O";
				VALIDATE_PRODUCT = YES;
			};
			name = Release;
		};
		7B1BBA0F2859EBDA00CC3F67 /* Debug */ = {
			isa = XCBuildConfiguration;
			buildSettings = {
				ASSETCATALOG_COMPILER_APPICON_NAME = AppIcon;
				ASSETCATALOG_COMPILER_GLOBAL_ACCENT_COLOR_NAME = AccentColor;
				CODE_SIGN_STYLE = Automatic;
				CURRENT_PROJECT_VERSION = 1;
				DEVELOPMENT_ASSET_PATHS = "\"GitProject/Preview Content\"";
				ENABLE_PREVIEWS = YES;
				GENERATE_INFOPLIST_FILE = YES;
				INFOPLIST_KEY_UIApplicationSceneManifest_Generation = YES;
				INFOPLIST_KEY_UIApplicationSupportsIndirectInputEvents = YES;
				INFOPLIST_KEY_UILaunchScreen_Generation = YES;
				INFOPLIST_KEY_UISupportedInterfaceOrientations_iPad = "UIInterfaceOrientationPortrait UIInterfaceOrientationPortraitUpsideDown UIInterfaceOrientationLandscapeLeft UIInterfaceOrientationLandscapeRight";
				INFOPLIST_KEY_UISupportedInterfaceOrientations_iPhone = "UIInterfaceOrientationPortrait UIInterfaceOrientationLandscapeLeft UIInterfaceOrientationLandscapeRight";
				LD_RUNPATH_SEARCH_PATHS = (
					"$(inherited)",
					"@executable_path/Frameworks",
				);
				MARKETING_VERSION = 1.0;
				PRODUCT_BUNDLE_IDENTIFIER = Exo.GitProject;
				PRODUCT_NAME = "$(TARGET_NAME)";
				SWIFT_EMIT_LOC_STRINGS = YES;
				SWIFT_VERSION = 5.0;
				TARGETED_DEVICE_FAMILY = "1,2";
			};
			name = Debug;
		};
		7B1BBA102859EBDA00CC3F67 /* Release */ = {
			isa = XCBuildConfiguration;
			buildSettings = {
				ASSETCATALOG_COMPILER_APPICON_NAME = AppIcon;
				ASSETCATALOG_COMPILER_GLOBAL_ACCENT_COLOR_NAME = AccentColor;
				CODE_SIGN_STYLE = Automatic;
				CURRENT_PROJECT_VERSION = 1;
				DEVELOPMENT_ASSET_PATHS = "\"GitProject/Preview Content\"";
				ENABLE_PREVIEWS = YES;
				GENERATE_INFOPLIST_FILE = YES;
				INFOPLIST_KEY_UIApplicationSceneManifest_Generation = YES;
				INFOPLIST_KEY_UIApplicationSupportsIndirectInputEvents = YES;
				INFOPLIST_KEY_UILaunchScreen_Generation = YES;
				INFOPLIST_KEY_UISupportedInterfaceOrientations_iPad = "UIInterfaceOrientationPortrait UIInterfaceOrientationPortraitUpsideDown UIInterfaceOrientationLandscapeLeft UIInterfaceOrientationLandscapeRight";
				INFOPLIST_KEY_UISupportedInterfaceOrientations_iPhone = "UIInterfaceOrientationPortrait UIInterfaceOrientationLandscapeLeft UIInterfaceOrientationLandscapeRight";
				LD_RUNPATH_SEARCH_PATHS = (
					"$(inherited)",
					"@executable_path/Frameworks",
				);
				MARKETING_VERSION = 1.0;
				PRODUCT_BUNDLE_IDENTIFIER = Exo.GitProject;
				PRODUCT_NAME = "$(TARGET_NAME)";
				SWIFT_EMIT_LOC_STRINGS = YES;
				SWIFT_VERSION = 5.0;
				TARGETED_DEVICE_FAMILY = "1,2";
			};
			name = Release;
		};
		7B1BBA122859EBDA00CC3F67 /* Debug */ = {
			isa = XCBuildConfiguration;
			buildSettings = {
				ALWAYS_EMBED_SWIFT_STANDARD_LIBRARIES = YES;
				BUNDLE_LOADER = "$(TEST_HOST)";
				CODE_SIGN_STYLE = Automatic;
				CURRENT_PROJECT_VERSION = 1;
				GENERATE_INFOPLIST_FILE = YES;
				IPHONEOS_DEPLOYMENT_TARGET = 15.4;
				MARKETING_VERSION = 1.0;
				PRODUCT_BUNDLE_IDENTIFIER = Exo.GitProjectTests;
				PRODUCT_NAME = "$(TARGET_NAME)";
				SWIFT_EMIT_LOC_STRINGS = NO;
				SWIFT_VERSION = 5.0;
				TARGETED_DEVICE_FAMILY = "1,2";
				TEST_HOST = "$(BUILT_PRODUCTS_DIR)/GitProject.app/GitProject";
			};
			name = Debug;
		};
		7B1BBA132859EBDA00CC3F67 /* Release */ = {
			isa = XCBuildConfiguration;
			buildSettings = {
				ALWAYS_EMBED_SWIFT_STANDARD_LIBRARIES = YES;
				BUNDLE_LOADER = "$(TEST_HOST)";
				CODE_SIGN_STYLE = Automatic;
				CURRENT_PROJECT_VERSION = 1;
				GENERATE_INFOPLIST_FILE = YES;
				IPHONEOS_DEPLOYMENT_TARGET = 15.4;
				MARKETING_VERSION = 1.0;
				PRODUCT_BUNDLE_IDENTIFIER = Exo.GitProjectTests;
				PRODUCT_NAME = "$(TARGET_NAME)";
				SWIFT_EMIT_LOC_STRINGS = NO;
				SWIFT_VERSION = 5.0;
				TARGETED_DEVICE_FAMILY = "1,2";
				TEST_HOST = "$(BUILT_PRODUCTS_DIR)/GitProject.app/GitProject";
			};
			name = Release;
		};
		7B1BBA152859EBDA00CC3F67 /* Debug */ = {
			isa = XCBuildConfiguration;
			buildSettings = {
				ALWAYS_EMBED_SWIFT_STANDARD_LIBRARIES = YES;
				CODE_SIGN_STYLE = Automatic;
				CURRENT_PROJECT_VERSION = 1;
				GENERATE_INFOPLIST_FILE = YES;
				MARKETING_VERSION = 1.0;
				PRODUCT_BUNDLE_IDENTIFIER = Exo.GitProjectUITests;
				PRODUCT_NAME = "$(TARGET_NAME)";
				SWIFT_EMIT_LOC_STRINGS = NO;
				SWIFT_VERSION = 5.0;
				TARGETED_DEVICE_FAMILY = "1,2";
				TEST_TARGET_NAME = GitProject;
			};
			name = Debug;
		};
		7B1BBA162859EBDA00CC3F67 /* Release */ = {
			isa = XCBuildConfiguration;
			buildSettings = {
				ALWAYS_EMBED_SWIFT_STANDARD_LIBRARIES = YES;
				CODE_SIGN_STYLE = Automatic;
				CURRENT_PROJECT_VERSION = 1;
				GENERATE_INFOPLIST_FILE = YES;
				MARKETING_VERSION = 1.0;
				PRODUCT_BUNDLE_IDENTIFIER = Exo.GitProjectUITests;
				PRODUCT_NAME = "$(TARGET_NAME)";
				SWIFT_EMIT_LOC_STRINGS = NO;
				SWIFT_VERSION = 5.0;
				TARGETED_DEVICE_FAMILY = "1,2";
				TEST_TARGET_NAME = GitProject;
			};
			name = Release;
		};
/* End XCBuildConfiguration section */

/* Begin XCConfigurationList section */
		7B1BB9E52859EBD900CC3F67 /* Build configuration list for PBXProject "GitProject" */ = {
			isa = XCConfigurationList;
			buildConfigurations = (
				7B1BBA0C2859EBDA00CC3F67 /* Debug */,
				7B1BBA0D2859EBDA00CC3F67 /* Release */,
			);
			defaultConfigurationIsVisible = 0;
			defaultConfigurationName = Release;
		};
		7B1BBA0E2859EBDA00CC3F67 /* Build configuration list for PBXNativeTarget "GitProject" */ = {
			isa = XCConfigurationList;
			buildConfigurations = (
				7B1BBA0F2859EBDA00CC3F67 /* Debug */,
				7B1BBA102859EBDA00CC3F67 /* Release */,
			);
			defaultConfigurationIsVisible = 0;
			defaultConfigurationName = Release;
		};
		7B1BBA112859EBDA00CC3F67 /* Build configuration list for PBXNativeTarget "GitProjectTests" */ = {
			isa = XCConfigurationList;
			buildConfigurations = (
				7B1BBA122859EBDA00CC3F67 /* Debug */,
				7B1BBA132859EBDA00CC3F67 /* Release */,
			);
			defaultConfigurationIsVisible = 0;
			defaultConfigurationName = Release;
		};
		7B1BBA142859EBDA00CC3F67 /* Build configuration list for PBXNativeTarget "GitProjectUITests" */ = {
			isa = XCConfigurationList;
			buildConfigurations = (
				7B1BBA152859EBDA00CC3F67 /* Debug */,
				7B1BBA162859EBDA00CC3F67 /* Release */,
			);
			defaultConfigurationIsVisible = 0;
			defaultConfigurationName = Release;
		};
/* End XCConfigurationList section */
	};
	rootObject = 7B1BB9E22859EBD900CC3F67 /* Project object */;
}
